// !$*UTF8*$!
{
	archiveVersion = 1;
	classes = {
	};
	objectVersion = 55;
	objects = {

/* Begin PBXBuildFile section */
		6629741728AA9A2B00D09968 /* AppDelegate.swift in Sources */ = {isa = PBXBuildFile; fileRef = 6629741628AA9A2B00D09968 /* AppDelegate.swift */; };
		6629741928AA9A2B00D09968 /* SceneDelegate.swift in Sources */ = {isa = PBXBuildFile; fileRef = 6629741828AA9A2B00D09968 /* SceneDelegate.swift */; };
		6629741B28AA9A2B00D09968 /* ViewController.swift in Sources */ = {isa = PBXBuildFile; fileRef = 6629741A28AA9A2B00D09968 /* ViewController.swift */; };
		6629741E28AA9A2B00D09968 /* Main.storyboard in Resources */ = {isa = PBXBuildFile; fileRef = 6629741C28AA9A2B00D09968 /* Main.storyboard */; };
		6629742028AA9A2D00D09968 /* Assets.xcassets in Resources */ = {isa = PBXBuildFile; fileRef = 6629741F28AA9A2D00D09968 /* Assets.xcassets */; };
		6629742328AA9A2D00D09968 /* LaunchScreen.storyboard in Resources */ = {isa = PBXBuildFile; fileRef = 6629742128AA9A2D00D09968 /* LaunchScreen.storyboard */; };
		D9E8181D4162A1BBD6AE9F29 /* Pods_RugbyTest.framework in Frameworks */ = {isa = PBXBuildFile; fileRef = 73352D5D1FF8DC735225CA75 /* Pods_RugbyTest.framework */; };
/* End PBXBuildFile section */

/* Begin PBXFileReference section */
		65526D9D78BBDFF63C89862B /* Pods-RugbyTest.debug.xcconfig */ = {isa = PBXFileReference; includeInIndex = 1; lastKnownFileType = text.xcconfig; name = "Pods-RugbyTest.debug.xcconfig"; path = "Target Support Files/Pods-RugbyTest/Pods-RugbyTest.debug.xcconfig"; sourceTree = "<group>"; };
		6629741328AA9A2B00D09968 /* RugbyTest.app */ = {isa = PBXFileReference; explicitFileType = wrapper.application; includeInIndex = 0; path = RugbyTest.app; sourceTree = BUILT_PRODUCTS_DIR; };
		6629741628AA9A2B00D09968 /* AppDelegate.swift */ = {isa = PBXFileReference; lastKnownFileType = sourcecode.swift; path = AppDelegate.swift; sourceTree = "<group>"; };
		6629741828AA9A2B00D09968 /* SceneDelegate.swift */ = {isa = PBXFileReference; lastKnownFileType = sourcecode.swift; path = SceneDelegate.swift; sourceTree = "<group>"; };
		6629741A28AA9A2B00D09968 /* ViewController.swift */ = {isa = PBXFileReference; lastKnownFileType = sourcecode.swift; path = ViewController.swift; sourceTree = "<group>"; };
		6629741D28AA9A2B00D09968 /* Base */ = {isa = PBXFileReference; lastKnownFileType = file.storyboard; name = Base; path = Base.lproj/Main.storyboard; sourceTree = "<group>"; };
		6629741F28AA9A2D00D09968 /* Assets.xcassets */ = {isa = PBXFileReference; lastKnownFileType = folder.assetcatalog; path = Assets.xcassets; sourceTree = "<group>"; };
		6629742228AA9A2D00D09968 /* Base */ = {isa = PBXFileReference; lastKnownFileType = file.storyboard; name = Base; path = Base.lproj/LaunchScreen.storyboard; sourceTree = "<group>"; };
		6629742428AA9A2D00D09968 /* Info.plist */ = {isa = PBXFileReference; lastKnownFileType = text.plist.xml; path = Info.plist; sourceTree = "<group>"; };
		73352D5D1FF8DC735225CA75 /* Pods_RugbyTest.framework */ = {isa = PBXFileReference; explicitFileType = wrapper.framework; includeInIndex = 0; path = Pods_RugbyTest.framework; sourceTree = BUILT_PRODUCTS_DIR; };
		CB3C3F4D9F57838CF3C31237 /* Pods-RugbyTest.release.xcconfig */ = {isa = PBXFileReference; includeInIndex = 1; lastKnownFileType = text.xcconfig; name = "Pods-RugbyTest.release.xcconfig"; path = "Target Support Files/Pods-RugbyTest/Pods-RugbyTest.release.xcconfig"; sourceTree = "<group>"; };
/* End PBXFileReference section */

/* Begin PBXFrameworksBuildPhase section */
		6629741028AA9A2B00D09968 /* Frameworks */ = {
			isa = PBXFrameworksBuildPhase;
			buildActionMask = 2147483647;
			files = (
				D9E8181D4162A1BBD6AE9F29 /* Pods_RugbyTest.framework in Frameworks */,
			);
			runOnlyForDeploymentPostprocessing = 0;
		};
/* End PBXFrameworksBuildPhase section */

/* Begin PBXGroup section */
		6629740A28AA9A2B00D09968 = {
			isa = PBXGroup;
			children = (
				6629741528AA9A2B00D09968 /* RugbyTest */,
				6629741428AA9A2B00D09968 /* Products */,
				CEA19FFC934407208809A591 /* Pods */,
				C722E484DE7F75E888C186AA /* Frameworks */,
			);
			sourceTree = "<group>";
		};
		6629741428AA9A2B00D09968 /* Products */ = {
			isa = PBXGroup;
			children = (
				6629741328AA9A2B00D09968 /* RugbyTest.app */,
			);
			name = Products;
			sourceTree = "<group>";
		};
		6629741528AA9A2B00D09968 /* RugbyTest */ = {
			isa = PBXGroup;
			children = (
				6629741628AA9A2B00D09968 /* AppDelegate.swift */,
				6629741828AA9A2B00D09968 /* SceneDelegate.swift */,
				6629741A28AA9A2B00D09968 /* ViewController.swift */,
				6629741C28AA9A2B00D09968 /* Main.storyboard */,
				6629741F28AA9A2D00D09968 /* Assets.xcassets */,
				6629742128AA9A2D00D09968 /* LaunchScreen.storyboard */,
				6629742428AA9A2D00D09968 /* Info.plist */,
			);
			path = RugbyTest;
			sourceTree = "<group>";
		};
		C722E484DE7F75E888C186AA /* Frameworks */ = {
			isa = PBXGroup;
			children = (
				73352D5D1FF8DC735225CA75 /* Pods_RugbyTest.framework */,
			);
			name = Frameworks;
			sourceTree = "<group>";
		};
		CEA19FFC934407208809A591 /* Pods */ = {
			isa = PBXGroup;
			children = (
				65526D9D78BBDFF63C89862B /* Pods-RugbyTest.debug.xcconfig */,
				CB3C3F4D9F57838CF3C31237 /* Pods-RugbyTest.release.xcconfig */,
			);
			name = Pods;
			path = Pods;
			sourceTree = "<group>";
		};
/* End PBXGroup section */

/* Begin PBXNativeTarget section */
		6629741228AA9A2B00D09968 /* RugbyTest */ = {
			isa = PBXNativeTarget;
			buildConfigurationList = 6629742728AA9A2D00D09968 /* Build configuration list for PBXNativeTarget "RugbyTest" */;
			buildPhases = (
				5C4ABE1E1327F87BFB5BBE42 /* [CP] Check Pods Manifest.lock */,
				6629740F28AA9A2B00D09968 /* Sources */,
				6629741028AA9A2B00D09968 /* Frameworks */,
				6629741128AA9A2B00D09968 /* Resources */,
				765E9E698DB4781E7BC6970C /* [CP] Embed Pods Frameworks */,
			);
			buildRules = (
			);
			dependencies = (
			);
			name = RugbyTest;
			productName = RugbyTest;
			productReference = 6629741328AA9A2B00D09968 /* RugbyTest.app */;
			productType = "com.apple.product-type.application";
		};
/* End PBXNativeTarget section */

/* Begin PBXProject section */
		6629740B28AA9A2B00D09968 /* Project object */ = {
			isa = PBXProject;
			attributes = {
				BuildIndependentTargetsInParallel = 1;
				LastSwiftUpdateCheck = 1340;
				LastUpgradeCheck = 1340;
				TargetAttributes = {
					6629741228AA9A2B00D09968 = {
						CreatedOnToolsVersion = 13.4;
					};
				};
			};
			buildConfigurationList = 6629740E28AA9A2B00D09968 /* Build configuration list for PBXProject "RugbyTest" */;
			compatibilityVersion = "Xcode 13.0";
			developmentRegion = en;
			hasScannedForEncodings = 0;
			knownRegions = (
				en,
				Base,
			);
			mainGroup = 6629740A28AA9A2B00D09968;
			productRefGroup = 6629741428AA9A2B00D09968 /* Products */;
			projectDirPath = "";
			projectRoot = "";
			targets = (
				6629741228AA9A2B00D09968 /* RugbyTest */,
			);
		};
/* End PBXProject section */

/* Begin PBXResourcesBuildPhase section */
		6629741128AA9A2B00D09968 /* Resources */ = {
			isa = PBXResourcesBuildPhase;
			buildActionMask = 2147483647;
			files = (
				6629742328AA9A2D00D09968 /* LaunchScreen.storyboard in Resources */,
				6629742028AA9A2D00D09968 /* Assets.xcassets in Resources */,
				6629741E28AA9A2B00D09968 /* Main.storyboard in Resources */,
			);
			runOnlyForDeploymentPostprocessing = 0;
		};
/* End PBXResourcesBuildPhase section */

/* Begin PBXShellScriptBuildPhase section */
		5C4ABE1E1327F87BFB5BBE42 /* [CP] Check Pods Manifest.lock */ = {
			isa = PBXShellScriptBuildPhase;
			buildActionMask = 2147483647;
			files = (
			);
			inputFileListPaths = (
			);
			inputPaths = (
				"${PODS_PODFILE_DIR_PATH}/Podfile.lock",
				"${PODS_ROOT}/Manifest.lock",
			);
			name = "[CP] Check Pods Manifest.lock";
			outputFileListPaths = (
			);
			outputPaths = (
				"$(DERIVED_FILE_DIR)/Pods-RugbyTest-checkManifestLockResult.txt",
			);
			runOnlyForDeploymentPostprocessing = 0;
			shellPath = /bin/sh;
			shellScript = "diff \"${PODS_PODFILE_DIR_PATH}/Podfile.lock\" \"${PODS_ROOT}/Manifest.lock\" > /dev/null\nif [ $? != 0 ] ; then\n    # print error to STDERR\n    echo \"error: The sandbox is not in sync with the Podfile.lock. Run 'pod install' or update your CocoaPods installation.\" >&2\n    exit 1\nfi\n# This output is used by Xcode 'outputs' to avoid re-running this script phase.\necho \"SUCCESS\" > \"${SCRIPT_OUTPUT_FILE_0}\"\n";
			showEnvVarsInLog = 0;
		};
		765E9E698DB4781E7BC6970C /* [CP] Embed Pods Frameworks */ = {
			isa = PBXShellScriptBuildPhase;
			buildActionMask = 2147483647;
			files = (
			);
			inputFileListPaths = (
				"${PODS_ROOT}/Target Support Files/Pods-RugbyTest/Pods-RugbyTest-frameworks-${CONFIGURATION}-input-files.xcfilelist",
			);
			name = "[CP] Embed Pods Frameworks";
			outputFileListPaths = (
				"${PODS_ROOT}/Target Support Files/Pods-RugbyTest/Pods-RugbyTest-frameworks-${CONFIGURATION}-output-files.xcfilelist",
			);
			runOnlyForDeploymentPostprocessing = 0;
			shellPath = /bin/sh;
			shellScript = "\"${PODS_ROOT}/Target Support Files/Pods-RugbyTest/Pods-RugbyTest-frameworks.sh\"\n";
			showEnvVarsInLog = 0;
		};
/* End PBXShellScriptBuildPhase section */

/* Begin PBXSourcesBuildPhase section */
		6629740F28AA9A2B00D09968 /* Sources */ = {
			isa = PBXSourcesBuildPhase;
			buildActionMask = 2147483647;
			files = (
				6629741B28AA9A2B00D09968 /* ViewController.swift in Sources */,
				6629741728AA9A2B00D09968 /* AppDelegate.swift in Sources */,
				6629741928AA9A2B00D09968 /* SceneDelegate.swift in Sources */,
			);
			runOnlyForDeploymentPostprocessing = 0;
		};
/* End PBXSourcesBuildPhase section */

/* Begin PBXVariantGroup section */
		6629741C28AA9A2B00D09968 /* Main.storyboard */ = {
			isa = PBXVariantGroup;
			children = (
				6629741D28AA9A2B00D09968 /* Base */,
			);
			name = Main.storyboard;
			sourceTree = "<group>";
		};
		6629742128AA9A2D00D09968 /* LaunchScreen.storyboard */ = {
			isa = PBXVariantGroup;
			children = (
				6629742228AA9A2D00D09968 /* Base */,
			);
			name = LaunchScreen.storyboard;
			sourceTree = "<group>";
		};
/* End PBXVariantGroup section */

/* Begin XCBuildConfiguration section */
		6629742528AA9A2D00D09968 /* Debug */ = {
			isa = XCBuildConfiguration;
			buildSettings = {
				ALWAYS_SEARCH_USER_PATHS = NO;
				CLANG_ANALYZER_NONNULL = YES;
				CLANG_ANALYZER_NUMBER_OBJECT_CONVERSION = YES_AGGRESSIVE;
				CLANG_CXX_LANGUAGE_STANDARD = "gnu++17";
				CLANG_ENABLE_MODULES = YES;
				CLANG_ENABLE_OBJC_ARC = YES;
				CLANG_ENABLE_OBJC_WEAK = YES;
				CLANG_WARN_BLOCK_CAPTURE_AUTORELEASING = YES;
				CLANG_WARN_BOOL_CONVERSION = YES;
				CLANG_WARN_COMMA = YES;
				CLANG_WARN_CONSTANT_CONVERSION = YES;
				CLANG_WARN_DEPRECATED_OBJC_IMPLEMENTATIONS = YES;
				CLANG_WARN_DIRECT_OBJC_ISA_USAGE = YES_ERROR;
				CLANG_WARN_DOCUMENTATION_COMMENTS = YES;
				CLANG_WARN_EMPTY_BODY = YES;
				CLANG_WARN_ENUM_CONVERSION = YES;
				CLANG_WARN_INFINITE_RECURSION = YES;
				CLANG_WARN_INT_CONVERSION = YES;
				CLANG_WARN_NON_LITERAL_NULL_CONVERSION = YES;
				CLANG_WARN_OBJC_IMPLICIT_RETAIN_SELF = YES;
				CLANG_WARN_OBJC_LITERAL_CONVERSION = YES;
				CLANG_WARN_OBJC_ROOT_CLASS = YES_ERROR;
				CLANG_WARN_QUOTED_INCLUDE_IN_FRAMEWORK_HEADER = YES;
				CLANG_WARN_RANGE_LOOP_ANALYSIS = YES;
				CLANG_WARN_STRICT_PROTOTYPES = YES;
				CLANG_WARN_SUSPICIOUS_MOVE = YES;
				CLANG_WARN_UNGUARDED_AVAILABILITY = YES_AGGRESSIVE;
				CLANG_WARN_UNREACHABLE_CODE = YES;
				CLANG_WARN__DUPLICATE_METHOD_MATCH = YES;
				COPY_PHASE_STRIP = NO;
				DEBUG_INFORMATION_FORMAT = dwarf;
				ENABLE_STRICT_OBJC_MSGSEND = YES;
				ENABLE_TESTABILITY = YES;
				GCC_C_LANGUAGE_STANDARD = gnu11;
				GCC_DYNAMIC_NO_PIC = NO;
				GCC_NO_COMMON_BLOCKS = YES;
				GCC_OPTIMIZATION_LEVEL = 0;
				GCC_PREPROCESSOR_DEFINITIONS = (
					"DEBUG=1",
					"$(inherited)",
				);
				GCC_WARN_64_TO_32_BIT_CONVERSION = YES;
				GCC_WARN_ABOUT_RETURN_TYPE = YES_ERROR;
				GCC_WARN_UNDECLARED_SELECTOR = YES;
				GCC_WARN_UNINITIALIZED_AUTOS = YES_AGGRESSIVE;
				GCC_WARN_UNUSED_FUNCTION = YES;
				GCC_WARN_UNUSED_VARIABLE = YES;
				IPHONEOS_DEPLOYMENT_TARGET = 15.5;
				MTL_ENABLE_DEBUG_INFO = INCLUDE_SOURCE;
				MTL_FAST_MATH = YES;
				ONLY_ACTIVE_ARCH = YES;
				SDKROOT = iphoneos;
				SWIFT_ACTIVE_COMPILATION_CONDITIONS = DEBUG;
				SWIFT_OPTIMIZATION_LEVEL = "-Onone";
			};
			name = Debug;
		};
		6629742628AA9A2D00D09968 /* Release */ = {
			isa = XCBuildConfiguration;
			buildSettings = {
				ALWAYS_SEARCH_USER_PATHS = NO;
				CLANG_ANALYZER_NONNULL = YES;
				CLANG_ANALYZER_NUMBER_OBJECT_CONVERSION = YES_AGGRESSIVE;
				CLANG_CXX_LANGUAGE_STANDARD = "gnu++17";
				CLANG_ENABLE_MODULES = YES;
				CLANG_ENABLE_OBJC_ARC = YES;
				CLANG_ENABLE_OBJC_WEAK = YES;
				CLANG_WARN_BLOCK_CAPTURE_AUTORELEASING = YES;
				CLANG_WARN_BOOL_CONVERSION = YES;
				CLANG_WARN_COMMA = YES;
				CLANG_WARN_CONSTANT_CONVERSION = YES;
				CLANG_WARN_DEPRECATED_OBJC_IMPLEMENTATIONS = YES;
				CLANG_WARN_DIRECT_OBJC_ISA_USAGE = YES_ERROR;
				CLANG_WARN_DOCUMENTATION_COMMENTS = YES;
				CLANG_WARN_EMPTY_BODY = YES;
				CLANG_WARN_ENUM_CONVERSION = YES;
				CLANG_WARN_INFINITE_RECURSION = YES;
				CLANG_WARN_INT_CONVERSION = YES;
				CLANG_WARN_NON_LITERAL_NULL_CONVERSION = YES;
				CLANG_WARN_OBJC_IMPLICIT_RETAIN_SELF = YES;
				CLANG_WARN_OBJC_LITERAL_CONVERSION = YES;
				CLANG_WARN_OBJC_ROOT_CLASS = YES_ERROR;
				CLANG_WARN_QUOTED_INCLUDE_IN_FRAMEWORK_HEADER = YES;
				CLANG_WARN_RANGE_LOOP_ANALYSIS = YES;
				CLANG_WARN_STRICT_PROTOTYPES = YES;
				CLANG_WARN_SUSPICIOUS_MOVE = YES;
				CLANG_WARN_UNGUARDED_AVAILABILITY = YES_AGGRESSIVE;
				CLANG_WARN_UNREACHABLE_CODE = YES;
				CLANG_WARN__DUPLICATE_METHOD_MATCH = YES;
				COPY_PHASE_STRIP = NO;
				DEBUG_INFORMATION_FORMAT = "dwarf-with-dsym";
				ENABLE_NS_ASSERTIONS = NO;
				ENABLE_STRICT_OBJC_MSGSEND = YES;
				GCC_C_LANGUAGE_STANDARD = gnu11;
				GCC_NO_COMMON_BLOCKS = YES;
				GCC_WARN_64_TO_32_BIT_CONVERSION = YES;
				GCC_WARN_ABOUT_RETURN_TYPE = YES_ERROR;
				GCC_WARN_UNDECLARED_SELECTOR = YES;
				GCC_WARN_UNINITIALIZED_AUTOS = YES_AGGRESSIVE;
				GCC_WARN_UNUSED_FUNCTION = YES;
				GCC_WARN_UNUSED_VARIABLE = YES;
				IPHONEOS_DEPLOYMENT_TARGET = 15.5;
				MTL_ENABLE_DEBUG_INFO = NO;
				MTL_FAST_MATH = YES;
				SDKROOT = iphoneos;
				SWIFT_COMPILATION_MODE = wholemodule;
				SWIFT_OPTIMIZATION_LEVEL = "-O";
				VALIDATE_PRODUCT = YES;
			};
			name = Release;
		};
		6629742828AA9A2D00D09968 /* Debug */ = {
			isa = XCBuildConfiguration;
			baseConfigurationReference = 65526D9D78BBDFF63C89862B /* Pods-RugbyTest.debug.xcconfig */;
			buildSettings = {
				ASSETCATALOG_COMPILER_APPICON_NAME = AppIcon;
				ASSETCATALOG_COMPILER_GLOBAL_ACCENT_COLOR_NAME = AccentColor;
				CODE_SIGN_STYLE = Automatic;
				CURRENT_PROJECT_VERSION = 1;
				DEVELOPMENT_TEAM = F7CXK2PKWD;
				GENERATE_INFOPLIST_FILE = YES;
				INFOPLIST_FILE = RugbyTest/Info.plist;
				INFOPLIST_KEY_UIApplicationSupportsIndirectInputEvents = YES;
				INFOPLIST_KEY_UILaunchStoryboardName = LaunchScreen;
				INFOPLIST_KEY_UIMainStoryboardFile = Main;
				INFOPLIST_KEY_UISupportedInterfaceOrientations_iPad = "UIInterfaceOrientationPortrait UIInterfaceOrientationPortraitUpsideDown UIInterfaceOrientationLandscapeLeft UIInterfaceOrientationLandscapeRight";
				INFOPLIST_KEY_UISupportedInterfaceOrientations_iPhone = "UIInterfaceOrientationPortrait UIInterfaceOrientationLandscapeLeft UIInterfaceOrientationLandscapeRight";
				LD_RUNPATH_SEARCH_PATHS = (
					"$(inherited)",
					"@executable_path/Frameworks",
				);
				MARKETING_VERSION = 1.0;
				PRODUCT_BUNDLE_IDENTIFIER = com.bitso.RugbyTest;
				PRODUCT_NAME = "$(TARGET_NAME)";
				SWIFT_EMIT_LOC_STRINGS = YES;
				SWIFT_VERSION = 5.0;
				TARGETED_DEVICE_FAMILY = "1,2";
			};
			name = Debug;
		};
		6629742928AA9A2D00D09968 /* Release */ = {
			isa = XCBuildConfiguration;
			baseConfigurationReference = CB3C3F4D9F57838CF3C31237 /* Pods-RugbyTest.release.xcconfig */;
			buildSettings = {
				ASSETCATALOG_COMPILER_APPICON_NAME = AppIcon;
				ASSETCATALOG_COMPILER_GLOBAL_ACCENT_COLOR_NAME = AccentColor;
				CODE_SIGN_STYLE = Automatic;
				CURRENT_PROJECT_VERSION = 1;
				DEVELOPMENT_TEAM = F7CXK2PKWD;
				GENERATE_INFOPLIST_FILE = YES;
				INFOPLIST_FILE = RugbyTest/Info.plist;
				INFOPLIST_KEY_UIApplicationSupportsIndirectInputEvents = YES;
				INFOPLIST_KEY_UILaunchStoryboardName = LaunchScreen;
				INFOPLIST_KEY_UIMainStoryboardFile = Main;
				INFOPLIST_KEY_UISupportedInterfaceOrientations_iPad = "UIInterfaceOrientationPortrait UIInterfaceOrientationPortraitUpsideDown UIInterfaceOrientationLandscapeLeft UIInterfaceOrientationLandscapeRight";
				INFOPLIST_KEY_UISupportedInterfaceOrientations_iPhone = "UIInterfaceOrientationPortrait UIInterfaceOrientationLandscapeLeft UIInterfaceOrientationLandscapeRight";
				LD_RUNPATH_SEARCH_PATHS = (
					"$(inherited)",
					"@executable_path/Frameworks",
				);
				MARKETING_VERSION = 1.0;
				PRODUCT_BUNDLE_IDENTIFIER = com.bitso.RugbyTest;
				PRODUCT_NAME = "$(TARGET_NAME)";
				SWIFT_EMIT_LOC_STRINGS = YES;
				SWIFT_VERSION = 5.0;
				TARGETED_DEVICE_FAMILY = "1,2";
			};
			name = Release;
		};
/* End XCBuildConfiguration section */

/* Begin XCConfigurationList section */
		6629740E28AA9A2B00D09968 /* Build configuration list for PBXProject "RugbyTest" */ = {
			isa = XCConfigurationList;
			buildConfigurations = (
				6629742528AA9A2D00D09968 /* Debug */,
				6629742628AA9A2D00D09968 /* Release */,
			);
			defaultConfigurationIsVisible = 0;
			defaultConfigurationName = Release;
		};
		6629742728AA9A2D00D09968 /* Build configuration list for PBXNativeTarget "RugbyTest" */ = {
			isa = XCConfigurationList;
			buildConfigurations = (
				6629742828AA9A2D00D09968 /* Debug */,
				6629742928AA9A2D00D09968 /* Release */,
			);
			defaultConfigurationIsVisible = 0;
			defaultConfigurationName = Release;
		};
/* End XCConfigurationList section */
	};
	rootObject = 6629740B28AA9A2B00D09968 /* Project object */;
}
